// !$*UTF8*$!
{
	archiveVersion = 1;
	classes = {
	};
	objectVersion = 46;
	objects = {

/* Begin PBXBuildFile section */
		5A35C6BF1C3FE92900B67241 /* main.m in Sources */ = {isa = PBXBuildFile; fileRef = 5A35C6BE1C3FE92900B67241 /* main.m */; };
		5A35C6C21C3FE92900B67241 /* AppDelegate.m in Sources */ = {isa = PBXBuildFile; fileRef = 5A35C6C11C3FE92900B67241 /* AppDelegate.m */; };
		5A35C6C81C3FE92900B67241 /* Main.storyboard in Resources */ = {isa = PBXBuildFile; fileRef = 5A35C6C61C3FE92900B67241 /* Main.storyboard */; };
		5A35C6CA1C3FE92900B67241 /* Assets.xcassets in Resources */ = {isa = PBXBuildFile; fileRef = 5A35C6C91C3FE92900B67241 /* Assets.xcassets */; };
		5A35C6CD1C3FE92900B67241 /* LaunchScreen.storyboard in Resources */ = {isa = PBXBuildFile; fileRef = 5A35C6CB1C3FE92900B67241 /* LaunchScreen.storyboard */; };
		5A35C6D81C3FE92900B67241 /* IdentificationTests.m in Sources */ = {isa = PBXBuildFile; fileRef = 5A35C6D71C3FE92900B67241 /* IdentificationTests.m */; };
		5A35C6E31C3FE92900B67241 /* IdentificationUITests.m in Sources */ = {isa = PBXBuildFile; fileRef = 5A35C6E21C3FE92900B67241 /* IdentificationUITests.m */; };
		5A35C6F21C3FE9EB00B67241 /* IdentificationTabBarController.m in Sources */ = {isa = PBXBuildFile; fileRef = 5A35C6F11C3FE9EB00B67241 /* IdentificationTabBarController.m */; };
		5A35C6F51C3FEA0A00B67241 /* IdentificationNavigationController.m in Sources */ = {isa = PBXBuildFile; fileRef = 5A35C6F41C3FEA0A00B67241 /* IdentificationNavigationController.m */; };
		5A35C6FB1C3FF54B00B67241 /* HomeRootViewController.m in Sources */ = {isa = PBXBuildFile; fileRef = 5A35C6FA1C3FF54B00B67241 /* HomeRootViewController.m */; };
		5A35C6FE1C3FF63200B67241 /* IdentificationRootViewController.m in Sources */ = {isa = PBXBuildFile; fileRef = 5A35C6FD1C3FF63200B67241 /* IdentificationRootViewController.m */; };
		5A35C7031C4000FF00B67241 /* TrainRootViewController.m in Sources */ = {isa = PBXBuildFile; fileRef = 5A35C7021C4000FF00B67241 /* TrainRootViewController.m */; };
		5A35C7061C40010D00B67241 /* DealRootViewController.m in Sources */ = {isa = PBXBuildFile; fileRef = 5A35C7051C40010D00B67241 /* DealRootViewController.m */; };
		5A35C70B1C4006A400B67241 /* NSString+Height.m in Sources */ = {isa = PBXBuildFile; fileRef = 5A35C7091C4006A400B67241 /* NSString+Height.m */; };
		5A35C7461C4006C000B67241 /* AFHTTPSessionManager.m in Sources */ = {isa = PBXBuildFile; fileRef = 5A35C70F1C4006C000B67241 /* AFHTTPSessionManager.m */; };
		5A35C7471C4006C000B67241 /* AFNetworkReachabilityManager.m in Sources */ = {isa = PBXBuildFile; fileRef = 5A35C7121C4006C000B67241 /* AFNetworkReachabilityManager.m */; };
		5A35C7481C4006C000B67241 /* AFSecurityPolicy.m in Sources */ = {isa = PBXBuildFile; fileRef = 5A35C7141C4006C000B67241 /* AFSecurityPolicy.m */; };
		5A35C7491C4006C000B67241 /* AFURLRequestSerialization.m in Sources */ = {isa = PBXBuildFile; fileRef = 5A35C7161C4006C000B67241 /* AFURLRequestSerialization.m */; };
		5A35C74A1C4006C000B67241 /* AFURLResponseSerialization.m in Sources */ = {isa = PBXBuildFile; fileRef = 5A35C7181C4006C000B67241 /* AFURLResponseSerialization.m */; };
		5A35C74B1C4006C000B67241 /* AFURLSessionManager.m in Sources */ = {isa = PBXBuildFile; fileRef = 5A35C71A1C4006C000B67241 /* AFURLSessionManager.m */; };
		5A35C7501C4006C000B67241 /* MKAnnotationView+WebCache.m in Sources */ = {isa = PBXBuildFile; fileRef = 5A35C7221C4006C000B67241 /* MKAnnotationView+WebCache.m */; };
		5A35C7511C4006C000B67241 /* NSData+GIF.m in Sources */ = {isa = PBXBuildFile; fileRef = 5A35C7241C4006C000B67241 /* NSData+GIF.m */; };
		5A35C7521C4006C000B67241 /* NSData+ImageContentType.m in Sources */ = {isa = PBXBuildFile; fileRef = 5A35C7261C4006C000B67241 /* NSData+ImageContentType.m */; };
		5A35C7531C4006C000B67241 /* SDImageCache.m in Sources */ = {isa = PBXBuildFile; fileRef = 5A35C7281C4006C000B67241 /* SDImageCache.m */; };
		5A35C7541C4006C000B67241 /* SDWebImageCompat.m in Sources */ = {isa = PBXBuildFile; fileRef = 5A35C72A1C4006C000B67241 /* SDWebImageCompat.m */; };
		5A35C7551C4006C000B67241 /* SDWebImageDecoder.m in Sources */ = {isa = PBXBuildFile; fileRef = 5A35C72C1C4006C000B67241 /* SDWebImageDecoder.m */; };
		5A35C7561C4006C000B67241 /* SDWebImageDownloader.m in Sources */ = {isa = PBXBuildFile; fileRef = 5A35C72E1C4006C000B67241 /* SDWebImageDownloader.m */; };
		5A35C7571C4006C000B67241 /* SDWebImageDownloaderOperation.m in Sources */ = {isa = PBXBuildFile; fileRef = 5A35C7301C4006C000B67241 /* SDWebImageDownloaderOperation.m */; };
		5A35C7581C4006C000B67241 /* SDWebImageManager+MJ.m in Sources */ = {isa = PBXBuildFile; fileRef = 5A35C7321C4006C000B67241 /* SDWebImageManager+MJ.m */; };
		5A35C7591C4006C000B67241 /* SDWebImageManager.m in Sources */ = {isa = PBXBuildFile; fileRef = 5A35C7341C4006C000B67241 /* SDWebImageManager.m */; };
		5A35C75A1C4006C000B67241 /* SDWebImagePrefetcher.m in Sources */ = {isa = PBXBuildFile; fileRef = 5A35C7371C4006C000B67241 /* SDWebImagePrefetcher.m */; };
		5A35C75B1C4006C000B67241 /* UIButton+WebCache.m in Sources */ = {isa = PBXBuildFile; fileRef = 5A35C7391C4006C000B67241 /* UIButton+WebCache.m */; };
		5A35C75C1C4006C000B67241 /* UIImage+GIF.m in Sources */ = {isa = PBXBuildFile; fileRef = 5A35C73B1C4006C000B67241 /* UIImage+GIF.m */; };
		5A35C75D1C4006C000B67241 /* UIImage+MultiFormat.m in Sources */ = {isa = PBXBuildFile; fileRef = 5A35C73D1C4006C000B67241 /* UIImage+MultiFormat.m */; };
		5A35C75E1C4006C000B67241 /* UIImage+WebP.m in Sources */ = {isa = PBXBuildFile; fileRef = 5A35C73F1C4006C000B67241 /* UIImage+WebP.m */; };
		5A35C75F1C4006C000B67241 /* UIImageView+HighlightedWebCache.m in Sources */ = {isa = PBXBuildFile; fileRef = 5A35C7411C4006C000B67241 /* UIImageView+HighlightedWebCache.m */; };
		5A35C7601C4006C000B67241 /* UIImageView+WebCache.m in Sources */ = {isa = PBXBuildFile; fileRef = 5A35C7431C4006C000B67241 /* UIImageView+WebCache.m */; };
		5A35C7611C4006C000B67241 /* UIView+WebCacheOperation.m in Sources */ = {isa = PBXBuildFile; fileRef = 5A35C7451C4006C000B67241 /* UIView+WebCacheOperation.m */; };
		5A35C7641C4006ED00B67241 /* Reachability.m in Sources */ = {isa = PBXBuildFile; fileRef = 5A35C7631C4006ED00B67241 /* Reachability.m */; };
		5A35C7671C40072600B67241 /* UIView+Frame.m in Sources */ = {isa = PBXBuildFile; fileRef = 5A35C7661C40072600B67241 /* UIView+Frame.m */; };
		5A35C76A1C400E5600B67241 /* HomeBannerModel.m in Sources */ = {isa = PBXBuildFile; fileRef = 5A35C7691C400E5600B67241 /* HomeBannerModel.m */; };
		5A35C76D1C400E6D00B67241 /* HomeCategoryModel.m in Sources */ = {isa = PBXBuildFile; fileRef = 5A35C76C1C400E6D00B67241 /* HomeCategoryModel.m */; };
		5A35C7731C40B84900B67241 /* HomeProductModel.m in Sources */ = {isa = PBXBuildFile; fileRef = 5A35C7721C40B84900B67241 /* HomeProductModel.m */; };
		5A35C7761C40BCB000B67241 /* HomeTrainModel.m in Sources */ = {isa = PBXBuildFile; fileRef = 5A35C7751C40BCB000B67241 /* HomeTrainModel.m */; };
		5A35C7791C40D1FB00B67241 /* DIYButton.m in Sources */ = {isa = PBXBuildFile; fileRef = 5A35C7781C40D1FB00B67241 /* DIYButton.m */; };
		5A35C77C1C40D23700B67241 /* HomeCategoryView.m in Sources */ = {isa = PBXBuildFile; fileRef = 5A35C77B1C40D23700B67241 /* HomeCategoryView.m */; };
		5A35C77F1C40E9B200B67241 /* HomeTrainTableViewCell.m in Sources */ = {isa = PBXBuildFile; fileRef = 5A35C77E1C40E9B200B67241 /* HomeTrainTableViewCell.m */; };
		5A94BB2B1C4294A400A1B217 /* HomeTaobaoViewController.m in Sources */ = {isa = PBXBuildFile; fileRef = 5A94BB2A1C4294A400A1B217 /* HomeTaobaoViewController.m */; };
		5AC5DDD11C420667003C1BDB /* HomeProductCollectionViewCell.m in Sources */ = {isa = PBXBuildFile; fileRef = 5AC5DDD01C420667003C1BDB /* HomeProductCollectionViewCell.m */; };
		77030BCD1C41085100BE8C17 /* MeViewController.m in Sources */ = {isa = PBXBuildFile; fileRef = 77030BCC1C41085100BE8C17 /* MeViewController.m */; };
		77030BD21C41087300BE8C17 /* authority authority AuthorityViewController.m in Sources */ = {isa = PBXBuildFile; fileRef = 77030BCF1C41087300BE8C17 /* authority authority AuthorityViewController.m */; };
		77030BD31C41087300BE8C17 /* SettingViewController.m in Sources */ = {isa = PBXBuildFile; fileRef = 77030BD11C41087300BE8C17 /* SettingViewController.m */; };
		77030BD51C410EB400BE8C17 /* icon_head.png in Resources */ = {isa = PBXBuildFile; fileRef = 77030BD41C410EB400BE8C17 /* icon_head.png */; };
		77030BDA1C4154B000BE8C17 /* ViewPagerController.m in Sources */ = {isa = PBXBuildFile; fileRef = 77030BD91C4154B000BE8C17 /* ViewPagerController.m */; };
		77030BDD1C4154FA00BE8C17 /* ListViewController.m in Sources */ = {isa = PBXBuildFile; fileRef = 77030BDC1C4154FA00BE8C17 /* ListViewController.m */; };
		77030BE01C41551400BE8C17 /* ContentViewController.m in Sources */ = {isa = PBXBuildFile; fileRef = 77030BDF1C41551400BE8C17 /* ContentViewController.m */; };
/* End PBXBuildFile section */

/* Begin PBXContainerItemProxy section */
		5A35C6D41C3FE92900B67241 /* PBXContainerItemProxy */ = {
			isa = PBXContainerItemProxy;
			containerPortal = 5A35C6B21C3FE92900B67241 /* Project object */;
			proxyType = 1;
			remoteGlobalIDString = 5A35C6B91C3FE92900B67241;
			remoteInfo = Identification;
		};
		5A35C6DF1C3FE92900B67241 /* PBXContainerItemProxy */ = {
			isa = PBXContainerItemProxy;
			containerPortal = 5A35C6B21C3FE92900B67241 /* Project object */;
			proxyType = 1;
			remoteGlobalIDString = 5A35C6B91C3FE92900B67241;
			remoteInfo = Identification;
		};
/* End PBXContainerItemProxy section */

/* Begin PBXFileReference section */
		5A35C6BA1C3FE92900B67241 /* Identification.app */ = {isa = PBXFileReference; explicitFileType = wrapper.application; includeInIndex = 0; path = Identification.app; sourceTree = BUILT_PRODUCTS_DIR; };
		5A35C6BE1C3FE92900B67241 /* main.m */ = {isa = PBXFileReference; lastKnownFileType = sourcecode.c.objc; path = main.m; sourceTree = "<group>"; };
		5A35C6C01C3FE92900B67241 /* AppDelegate.h */ = {isa = PBXFileReference; lastKnownFileType = sourcecode.c.h; path = AppDelegate.h; sourceTree = "<group>"; };
		5A35C6C11C3FE92900B67241 /* AppDelegate.m */ = {isa = PBXFileReference; lastKnownFileType = sourcecode.c.objc; path = AppDelegate.m; sourceTree = "<group>"; };
		5A35C6C71C3FE92900B67241 /* Base */ = {isa = PBXFileReference; lastKnownFileType = file.storyboard; name = Base; path = Base.lproj/Main.storyboard; sourceTree = "<group>"; };
		5A35C6C91C3FE92900B67241 /* Assets.xcassets */ = {isa = PBXFileReference; lastKnownFileType = folder.assetcatalog; path = Assets.xcassets; sourceTree = "<group>"; };
		5A35C6CC1C3FE92900B67241 /* Base */ = {isa = PBXFileReference; lastKnownFileType = file.storyboard; name = Base; path = Base.lproj/LaunchScreen.storyboard; sourceTree = "<group>"; };
		5A35C6CE1C3FE92900B67241 /* Info.plist */ = {isa = PBXFileReference; lastKnownFileType = text.plist.xml; path = Info.plist; sourceTree = "<group>"; };
		5A35C6D31C3FE92900B67241 /* IdentificationTests.xctest */ = {isa = PBXFileReference; explicitFileType = wrapper.cfbundle; includeInIndex = 0; path = IdentificationTests.xctest; sourceTree = BUILT_PRODUCTS_DIR; };
		5A35C6D71C3FE92900B67241 /* IdentificationTests.m */ = {isa = PBXFileReference; lastKnownFileType = sourcecode.c.objc; path = IdentificationTests.m; sourceTree = "<group>"; };
		5A35C6D91C3FE92900B67241 /* Info.plist */ = {isa = PBXFileReference; lastKnownFileType = text.plist.xml; path = Info.plist; sourceTree = "<group>"; };
		5A35C6DE1C3FE92900B67241 /* IdentificationUITests.xctest */ = {isa = PBXFileReference; explicitFileType = wrapper.cfbundle; includeInIndex = 0; path = IdentificationUITests.xctest; sourceTree = BUILT_PRODUCTS_DIR; };
		5A35C6E21C3FE92900B67241 /* IdentificationUITests.m */ = {isa = PBXFileReference; lastKnownFileType = sourcecode.c.objc; path = IdentificationUITests.m; sourceTree = "<group>"; };
		5A35C6E41C3FE92900B67241 /* Info.plist */ = {isa = PBXFileReference; lastKnownFileType = text.plist.xml; path = Info.plist; sourceTree = "<group>"; };
		5A35C6F01C3FE9EB00B67241 /* IdentificationTabBarController.h */ = {isa = PBXFileReference; fileEncoding = 4; lastKnownFileType = sourcecode.c.h; path = IdentificationTabBarController.h; sourceTree = "<group>"; };
		5A35C6F11C3FE9EB00B67241 /* IdentificationTabBarController.m */ = {isa = PBXFileReference; fileEncoding = 4; lastKnownFileType = sourcecode.c.objc; path = IdentificationTabBarController.m; sourceTree = "<group>"; };
		5A35C6F31C3FEA0A00B67241 /* IdentificationNavigationController.h */ = {isa = PBXFileReference; fileEncoding = 4; lastKnownFileType = sourcecode.c.h; path = IdentificationNavigationController.h; sourceTree = "<group>"; };
		5A35C6F41C3FEA0A00B67241 /* IdentificationNavigationController.m */ = {isa = PBXFileReference; fileEncoding = 4; lastKnownFileType = sourcecode.c.objc; path = IdentificationNavigationController.m; sourceTree = "<group>"; };
		5A35C6F91C3FF54B00B67241 /* HomeRootViewController.h */ = {isa = PBXFileReference; fileEncoding = 4; lastKnownFileType = sourcecode.c.h; path = HomeRootViewController.h; sourceTree = "<group>"; };
		5A35C6FA1C3FF54B00B67241 /* HomeRootViewController.m */ = {isa = PBXFileReference; fileEncoding = 4; lastKnownFileType = sourcecode.c.objc; path = HomeRootViewController.m; sourceTree = "<group>"; };
		5A35C6FC1C3FF63200B67241 /* IdentificationRootViewController.h */ = {isa = PBXFileReference; fileEncoding = 4; lastKnownFileType = sourcecode.c.h; path = IdentificationRootViewController.h; sourceTree = "<group>"; };
		5A35C6FD1C3FF63200B67241 /* IdentificationRootViewController.m */ = {isa = PBXFileReference; fileEncoding = 4; lastKnownFileType = sourcecode.c.objc; path = IdentificationRootViewController.m; sourceTree = "<group>"; };
		5A35C7011C4000FF00B67241 /* TrainRootViewController.h */ = {isa = PBXFileReference; fileEncoding = 4; lastKnownFileType = sourcecode.c.h; path = TrainRootViewController.h; sourceTree = "<group>"; };
		5A35C7021C4000FF00B67241 /* TrainRootViewController.m */ = {isa = PBXFileReference; fileEncoding = 4; lastKnownFileType = sourcecode.c.objc; path = TrainRootViewController.m; sourceTree = "<group>"; };
		5A35C7041C40010D00B67241 /* DealRootViewController.h */ = {isa = PBXFileReference; fileEncoding = 4; lastKnownFileType = sourcecode.c.h; path = DealRootViewController.h; sourceTree = "<group>"; };
		5A35C7051C40010D00B67241 /* DealRootViewController.m */ = {isa = PBXFileReference; fileEncoding = 4; lastKnownFileType = sourcecode.c.objc; path = DealRootViewController.m; sourceTree = "<group>"; };
		5A35C7081C4006A400B67241 /* NSString+Height.h */ = {isa = PBXFileReference; fileEncoding = 4; lastKnownFileType = sourcecode.c.h; path = "NSString+Height.h"; sourceTree = "<group>"; };
		5A35C7091C4006A400B67241 /* NSString+Height.m */ = {isa = PBXFileReference; fileEncoding = 4; lastKnownFileType = sourcecode.c.objc; path = "NSString+Height.m"; sourceTree = "<group>"; };
		5A35C70A1C4006A400B67241 /* PrefixHeader.pch */ = {isa = PBXFileReference; fileEncoding = 4; lastKnownFileType = sourcecode.c.h; path = PrefixHeader.pch; sourceTree = "<group>"; };
		5A35C70E1C4006C000B67241 /* AFHTTPSessionManager.h */ = {isa = PBXFileReference; fileEncoding = 4; lastKnownFileType = sourcecode.c.h; path = AFHTTPSessionManager.h; sourceTree = "<group>"; };
		5A35C70F1C4006C000B67241 /* AFHTTPSessionManager.m */ = {isa = PBXFileReference; fileEncoding = 4; lastKnownFileType = sourcecode.c.objc; path = AFHTTPSessionManager.m; sourceTree = "<group>"; };
		5A35C7101C4006C000B67241 /* AFNetworking.h */ = {isa = PBXFileReference; fileEncoding = 4; lastKnownFileType = sourcecode.c.h; path = AFNetworking.h; sourceTree = "<group>"; };
		5A35C7111C4006C000B67241 /* AFNetworkReachabilityManager.h */ = {isa = PBXFileReference; fileEncoding = 4; lastKnownFileType = sourcecode.c.h; path = AFNetworkReachabilityManager.h; sourceTree = "<group>"; };
		5A35C7121C4006C000B67241 /* AFNetworkReachabilityManager.m */ = {isa = PBXFileReference; fileEncoding = 4; lastKnownFileType = sourcecode.c.objc; path = AFNetworkReachabilityManager.m; sourceTree = "<group>"; };
		5A35C7131C4006C000B67241 /* AFSecurityPolicy.h */ = {isa = PBXFileReference; fileEncoding = 4; lastKnownFileType = sourcecode.c.h; path = AFSecurityPolicy.h; sourceTree = "<group>"; };
		5A35C7141C4006C000B67241 /* AFSecurityPolicy.m */ = {isa = PBXFileReference; fileEncoding = 4; lastKnownFileType = sourcecode.c.objc; path = AFSecurityPolicy.m; sourceTree = "<group>"; };
		5A35C7151C4006C000B67241 /* AFURLRequestSerialization.h */ = {isa = PBXFileReference; fileEncoding = 4; lastKnownFileType = sourcecode.c.h; path = AFURLRequestSerialization.h; sourceTree = "<group>"; };
		5A35C7161C4006C000B67241 /* AFURLRequestSerialization.m */ = {isa = PBXFileReference; fileEncoding = 4; lastKnownFileType = sourcecode.c.objc; path = AFURLRequestSerialization.m; sourceTree = "<group>"; };
		5A35C7171C4006C000B67241 /* AFURLResponseSerialization.h */ = {isa = PBXFileReference; fileEncoding = 4; lastKnownFileType = sourcecode.c.h; path = AFURLResponseSerialization.h; sourceTree = "<group>"; };
		5A35C7181C4006C000B67241 /* AFURLResponseSerialization.m */ = {isa = PBXFileReference; fileEncoding = 4; lastKnownFileType = sourcecode.c.objc; path = AFURLResponseSerialization.m; sourceTree = "<group>"; };
		5A35C7191C4006C000B67241 /* AFURLSessionManager.h */ = {isa = PBXFileReference; fileEncoding = 4; lastKnownFileType = sourcecode.c.h; path = AFURLSessionManager.h; sourceTree = "<group>"; };
		5A35C71A1C4006C000B67241 /* AFURLSessionManager.m */ = {isa = PBXFileReference; fileEncoding = 4; lastKnownFileType = sourcecode.c.objc; path = AFURLSessionManager.m; sourceTree = "<group>"; };
		5A35C7211C4006C000B67241 /* MKAnnotationView+WebCache.h */ = {isa = PBXFileReference; fileEncoding = 4; lastKnownFileType = sourcecode.c.h; path = "MKAnnotationView+WebCache.h"; sourceTree = "<group>"; };
		5A35C7221C4006C000B67241 /* MKAnnotationView+WebCache.m */ = {isa = PBXFileReference; fileEncoding = 4; lastKnownFileType = sourcecode.c.objc; path = "MKAnnotationView+WebCache.m"; sourceTree = "<group>"; };
		5A35C7231C4006C000B67241 /* NSData+GIF.h */ = {isa = PBXFileReference; fileEncoding = 4; lastKnownFileType = sourcecode.c.h; path = "NSData+GIF.h"; sourceTree = "<group>"; };
		5A35C7241C4006C000B67241 /* NSData+GIF.m */ = {isa = PBXFileReference; fileEncoding = 4; lastKnownFileType = sourcecode.c.objc; path = "NSData+GIF.m"; sourceTree = "<group>"; };
		5A35C7251C4006C000B67241 /* NSData+ImageContentType.h */ = {isa = PBXFileReference; fileEncoding = 4; lastKnownFileType = sourcecode.c.h; path = "NSData+ImageContentType.h"; sourceTree = "<group>"; };
		5A35C7261C4006C000B67241 /* NSData+ImageContentType.m */ = {isa = PBXFileReference; fileEncoding = 4; lastKnownFileType = sourcecode.c.objc; path = "NSData+ImageContentType.m"; sourceTree = "<group>"; };
		5A35C7271C4006C000B67241 /* SDImageCache.h */ = {isa = PBXFileReference; fileEncoding = 4; lastKnownFileType = sourcecode.c.h; path = SDImageCache.h; sourceTree = "<group>"; };
		5A35C7281C4006C000B67241 /* SDImageCache.m */ = {isa = PBXFileReference; fileEncoding = 4; lastKnownFileType = sourcecode.c.objc; path = SDImageCache.m; sourceTree = "<group>"; };
		5A35C7291C4006C000B67241 /* SDWebImageCompat.h */ = {isa = PBXFileReference; fileEncoding = 4; lastKnownFileType = sourcecode.c.h; path = SDWebImageCompat.h; sourceTree = "<group>"; };
		5A35C72A1C4006C000B67241 /* SDWebImageCompat.m */ = {isa = PBXFileReference; fileEncoding = 4; lastKnownFileType = sourcecode.c.objc; path = SDWebImageCompat.m; sourceTree = "<group>"; };
		5A35C72B1C4006C000B67241 /* SDWebImageDecoder.h */ = {isa = PBXFileReference; fileEncoding = 4; lastKnownFileType = sourcecode.c.h; path = SDWebImageDecoder.h; sourceTree = "<group>"; };
		5A35C72C1C4006C000B67241 /* SDWebImageDecoder.m */ = {isa = PBXFileReference; fileEncoding = 4; lastKnownFileType = sourcecode.c.objc; path = SDWebImageDecoder.m; sourceTree = "<group>"; };
		5A35C72D1C4006C000B67241 /* SDWebImageDownloader.h */ = {isa = PBXFileReference; fileEncoding = 4; lastKnownFileType = sourcecode.c.h; path = SDWebImageDownloader.h; sourceTree = "<group>"; };
		5A35C72E1C4006C000B67241 /* SDWebImageDownloader.m */ = {isa = PBXFileReference; fileEncoding = 4; lastKnownFileType = sourcecode.c.objc; path = SDWebImageDownloader.m; sourceTree = "<group>"; };
		5A35C72F1C4006C000B67241 /* SDWebImageDownloaderOperation.h */ = {isa = PBXFileReference; fileEncoding = 4; lastKnownFileType = sourcecode.c.h; path = SDWebImageDownloaderOperation.h; sourceTree = "<group>"; };
		5A35C7301C4006C000B67241 /* SDWebImageDownloaderOperation.m */ = {isa = PBXFileReference; fileEncoding = 4; lastKnownFileType = sourcecode.c.objc; path = SDWebImageDownloaderOperation.m; sourceTree = "<group>"; };
		5A35C7311C4006C000B67241 /* SDWebImageManager+MJ.h */ = {isa = PBXFileReference; fileEncoding = 4; lastKnownFileType = sourcecode.c.h; path = "SDWebImageManager+MJ.h"; sourceTree = "<group>"; };
		5A35C7321C4006C000B67241 /* SDWebImageManager+MJ.m */ = {isa = PBXFileReference; fileEncoding = 4; lastKnownFileType = sourcecode.c.objc; path = "SDWebImageManager+MJ.m"; sourceTree = "<group>"; };
		5A35C7331C4006C000B67241 /* SDWebImageManager.h */ = {isa = PBXFileReference; fileEncoding = 4; lastKnownFileType = sourcecode.c.h; path = SDWebImageManager.h; sourceTree = "<group>"; };
		5A35C7341C4006C000B67241 /* SDWebImageManager.m */ = {isa = PBXFileReference; fileEncoding = 4; lastKnownFileType = sourcecode.c.objc; path = SDWebImageManager.m; sourceTree = "<group>"; };
		5A35C7351C4006C000B67241 /* SDWebImageOperation.h */ = {isa = PBXFileReference; fileEncoding = 4; lastKnownFileType = sourcecode.c.h; path = SDWebImageOperation.h; sourceTree = "<group>"; };
		5A35C7361C4006C000B67241 /* SDWebImagePrefetcher.h */ = {isa = PBXFileReference; fileEncoding = 4; lastKnownFileType = sourcecode.c.h; path = SDWebImagePrefetcher.h; sourceTree = "<group>"; };
		5A35C7371C4006C000B67241 /* SDWebImagePrefetcher.m */ = {isa = PBXFileReference; fileEncoding = 4; lastKnownFileType = sourcecode.c.objc; path = SDWebImagePrefetcher.m; sourceTree = "<group>"; };
		5A35C7381C4006C000B67241 /* UIButton+WebCache.h */ = {isa = PBXFileReference; fileEncoding = 4; lastKnownFileType = sourcecode.c.h; path = "UIButton+WebCache.h"; sourceTree = "<group>"; };
		5A35C7391C4006C000B67241 /* UIButton+WebCache.m */ = {isa = PBXFileReference; fileEncoding = 4; lastKnownFileType = sourcecode.c.objc; path = "UIButton+WebCache.m"; sourceTree = "<group>"; };
		5A35C73A1C4006C000B67241 /* UIImage+GIF.h */ = {isa = PBXFileReference; fileEncoding = 4; lastKnownFileType = sourcecode.c.h; path = "UIImage+GIF.h"; sourceTree = "<group>"; };
		5A35C73B1C4006C000B67241 /* UIImage+GIF.m */ = {isa = PBXFileReference; fileEncoding = 4; lastKnownFileType = sourcecode.c.objc; path = "UIImage+GIF.m"; sourceTree = "<group>"; };
		5A35C73C1C4006C000B67241 /* UIImage+MultiFormat.h */ = {isa = PBXFileReference; fileEncoding = 4; lastKnownFileType = sourcecode.c.h; path = "UIImage+MultiFormat.h"; sourceTree = "<group>"; };
		5A35C73D1C4006C000B67241 /* UIImage+MultiFormat.m */ = {isa = PBXFileReference; fileEncoding = 4; lastKnownFileType = sourcecode.c.objc; path = "UIImage+MultiFormat.m"; sourceTree = "<group>"; };
		5A35C73E1C4006C000B67241 /* UIImage+WebP.h */ = {isa = PBXFileReference; fileEncoding = 4; lastKnownFileType = sourcecode.c.h; path = "UIImage+WebP.h"; sourceTree = "<group>"; };
		5A35C73F1C4006C000B67241 /* UIImage+WebP.m */ = {isa = PBXFileReference; fileEncoding = 4; lastKnownFileType = sourcecode.c.objc; path = "UIImage+WebP.m"; sourceTree = "<group>"; };
		5A35C7401C4006C000B67241 /* UIImageView+HighlightedWebCache.h */ = {isa = PBXFileReference; fileEncoding = 4; lastKnownFileType = sourcecode.c.h; path = "UIImageView+HighlightedWebCache.h"; sourceTree = "<group>"; };
		5A35C7411C4006C000B67241 /* UIImageView+HighlightedWebCache.m */ = {isa = PBXFileReference; fileEncoding = 4; lastKnownFileType = sourcecode.c.objc; path = "UIImageView+HighlightedWebCache.m"; sourceTree = "<group>"; };
		5A35C7421C4006C000B67241 /* UIImageView+WebCache.h */ = {isa = PBXFileReference; fileEncoding = 4; lastKnownFileType = sourcecode.c.h; path = "UIImageView+WebCache.h"; sourceTree = "<group>"; };
		5A35C7431C4006C000B67241 /* UIImageView+WebCache.m */ = {isa = PBXFileReference; fileEncoding = 4; lastKnownFileType = sourcecode.c.objc; path = "UIImageView+WebCache.m"; sourceTree = "<group>"; };
		5A35C7441C4006C000B67241 /* UIView+WebCacheOperation.h */ = {isa = PBXFileReference; fileEncoding = 4; lastKnownFileType = sourcecode.c.h; path = "UIView+WebCacheOperation.h"; sourceTree = "<group>"; };
		5A35C7451C4006C000B67241 /* UIView+WebCacheOperation.m */ = {isa = PBXFileReference; fileEncoding = 4; lastKnownFileType = sourcecode.c.objc; path = "UIView+WebCacheOperation.m"; sourceTree = "<group>"; };
		5A35C7621C4006ED00B67241 /* Reachability.h */ = {isa = PBXFileReference; fileEncoding = 4; lastKnownFileType = sourcecode.c.h; path = Reachability.h; sourceTree = "<group>"; };
		5A35C7631C4006ED00B67241 /* Reachability.m */ = {isa = PBXFileReference; fileEncoding = 4; lastKnownFileType = sourcecode.c.objc; path = Reachability.m; sourceTree = "<group>"; };
		5A35C7651C40072600B67241 /* UIView+Frame.h */ = {isa = PBXFileReference; fileEncoding = 4; lastKnownFileType = sourcecode.c.h; path = "UIView+Frame.h"; sourceTree = "<group>"; };
		5A35C7661C40072600B67241 /* UIView+Frame.m */ = {isa = PBXFileReference; fileEncoding = 4; lastKnownFileType = sourcecode.c.objc; path = "UIView+Frame.m"; sourceTree = "<group>"; };
		5A35C7681C400E5600B67241 /* HomeBannerModel.h */ = {isa = PBXFileReference; fileEncoding = 4; lastKnownFileType = sourcecode.c.h; path = HomeBannerModel.h; sourceTree = "<group>"; };
		5A35C7691C400E5600B67241 /* HomeBannerModel.m */ = {isa = PBXFileReference; fileEncoding = 4; lastKnownFileType = sourcecode.c.objc; path = HomeBannerModel.m; sourceTree = "<group>"; };
		5A35C76B1C400E6D00B67241 /* HomeCategoryModel.h */ = {isa = PBXFileReference; fileEncoding = 4; lastKnownFileType = sourcecode.c.h; path = HomeCategoryModel.h; sourceTree = "<group>"; };
		5A35C76C1C400E6D00B67241 /* HomeCategoryModel.m */ = {isa = PBXFileReference; fileEncoding = 4; lastKnownFileType = sourcecode.c.objc; path = HomeCategoryModel.m; sourceTree = "<group>"; };
		5A35C7711C40B84900B67241 /* HomeProductModel.h */ = {isa = PBXFileReference; fileEncoding = 4; lastKnownFileType = sourcecode.c.h; path = HomeProductModel.h; sourceTree = "<group>"; };
		5A35C7721C40B84900B67241 /* HomeProductModel.m */ = {isa = PBXFileReference; fileEncoding = 4; lastKnownFileType = sourcecode.c.objc; path = HomeProductModel.m; sourceTree = "<group>"; };
		5A35C7741C40BCB000B67241 /* HomeTrainModel.h */ = {isa = PBXFileReference; fileEncoding = 4; lastKnownFileType = sourcecode.c.h; path = HomeTrainModel.h; sourceTree = "<group>"; };
		5A35C7751C40BCB000B67241 /* HomeTrainModel.m */ = {isa = PBXFileReference; fileEncoding = 4; lastKnownFileType = sourcecode.c.objc; path = HomeTrainModel.m; sourceTree = "<group>"; };
		5A35C7771C40D1FB00B67241 /* DIYButton.h */ = {isa = PBXFileReference; fileEncoding = 4; lastKnownFileType = sourcecode.c.h; path = DIYButton.h; sourceTree = "<group>"; };
		5A35C7781C40D1FB00B67241 /* DIYButton.m */ = {isa = PBXFileReference; fileEncoding = 4; lastKnownFileType = sourcecode.c.objc; path = DIYButton.m; sourceTree = "<group>"; };
		5A35C77A1C40D23700B67241 /* HomeCategoryView.h */ = {isa = PBXFileReference; fileEncoding = 4; lastKnownFileType = sourcecode.c.h; path = HomeCategoryView.h; sourceTree = "<group>"; };
		5A35C77B1C40D23700B67241 /* HomeCategoryView.m */ = {isa = PBXFileReference; fileEncoding = 4; lastKnownFileType = sourcecode.c.objc; path = HomeCategoryView.m; sourceTree = "<group>"; };
		5A35C77D1C40E9B200B67241 /* HomeTrainTableViewCell.h */ = {isa = PBXFileReference; fileEncoding = 4; lastKnownFileType = sourcecode.c.h; path = HomeTrainTableViewCell.h; sourceTree = "<group>"; };
		5A35C77E1C40E9B200B67241 /* HomeTrainTableViewCell.m */ = {isa = PBXFileReference; fileEncoding = 4; lastKnownFileType = sourcecode.c.objc; path = HomeTrainTableViewCell.m; sourceTree = "<group>"; };
		5A94BB291C4294A400A1B217 /* HomeTaobaoViewController.h */ = {isa = PBXFileReference; fileEncoding = 4; lastKnownFileType = sourcecode.c.h; path = HomeTaobaoViewController.h; sourceTree = "<group>"; };
		5A94BB2A1C4294A400A1B217 /* HomeTaobaoViewController.m */ = {isa = PBXFileReference; fileEncoding = 4; lastKnownFileType = sourcecode.c.objc; path = HomeTaobaoViewController.m; sourceTree = "<group>"; };
		5AC5DDCF1C420667003C1BDB /* HomeProductCollectionViewCell.h */ = {isa = PBXFileReference; fileEncoding = 4; lastKnownFileType = sourcecode.c.h; path = HomeProductCollectionViewCell.h; sourceTree = "<group>"; };
		5AC5DDD01C420667003C1BDB /* HomeProductCollectionViewCell.m */ = {isa = PBXFileReference; fileEncoding = 4; lastKnownFileType = sourcecode.c.objc; path = HomeProductCollectionViewCell.m; sourceTree = "<group>"; };
		77030BCB1C41085100BE8C17 /* MeViewController.h */ = {isa = PBXFileReference; fileEncoding = 4; lastKnownFileType = sourcecode.c.h; path = MeViewController.h; sourceTree = "<group>"; };
		77030BCC1C41085100BE8C17 /* MeViewController.m */ = {isa = PBXFileReference; fileEncoding = 4; lastKnownFileType = sourcecode.c.objc; path = MeViewController.m; sourceTree = "<group>"; };
		77030BCE1C41087300BE8C17 /* authority authority AuthorityViewController.h */ = {isa = PBXFileReference; fileEncoding = 4; lastKnownFileType = sourcecode.c.h; path = "authority authority AuthorityViewController.h"; sourceTree = "<group>"; };
		77030BCF1C41087300BE8C17 /* authority authority AuthorityViewController.m */ = {isa = PBXFileReference; fileEncoding = 4; lastKnownFileType = sourcecode.c.objc; path = "authority authority AuthorityViewController.m"; sourceTree = "<group>"; };
		77030BD01C41087300BE8C17 /* SettingViewController.h */ = {isa = PBXFileReference; fileEncoding = 4; lastKnownFileType = sourcecode.c.h; path = SettingViewController.h; sourceTree = "<group>"; };
		77030BD11C41087300BE8C17 /* SettingViewController.m */ = {isa = PBXFileReference; fileEncoding = 4; lastKnownFileType = sourcecode.c.objc; path = SettingViewController.m; sourceTree = "<group>"; };
		77030BD41C410EB400BE8C17 /* icon_head.png */ = {isa = PBXFileReference; lastKnownFileType = image.png; path = icon_head.png; sourceTree = "<group>"; };
		77030BD81C4154B000BE8C17 /* ViewPagerController.h */ = {isa = PBXFileReference; fileEncoding = 4; lastKnownFileType = sourcecode.c.h; path = ViewPagerController.h; sourceTree = "<group>"; };
		77030BD91C4154B000BE8C17 /* ViewPagerController.m */ = {isa = PBXFileReference; fileEncoding = 4; lastKnownFileType = sourcecode.c.objc; path = ViewPagerController.m; sourceTree = "<group>"; };
		77030BDB1C4154FA00BE8C17 /* ListViewController.h */ = {isa = PBXFileReference; fileEncoding = 4; lastKnownFileType = sourcecode.c.h; path = ListViewController.h; sourceTree = "<group>"; };
		77030BDC1C4154FA00BE8C17 /* ListViewController.m */ = {isa = PBXFileReference; fileEncoding = 4; lastKnownFileType = sourcecode.c.objc; path = ListViewController.m; sourceTree = "<group>"; };
		77030BDE1C41551400BE8C17 /* ContentViewController.h */ = {isa = PBXFileReference; fileEncoding = 4; lastKnownFileType = sourcecode.c.h; path = ContentViewController.h; sourceTree = "<group>"; };
		77030BDF1C41551400BE8C17 /* ContentViewController.m */ = {isa = PBXFileReference; fileEncoding = 4; lastKnownFileType = sourcecode.c.objc; path = ContentViewController.m; sourceTree = "<group>"; };
/* End PBXFileReference section */

/* Begin PBXFrameworksBuildPhase section */
		5A35C6B71C3FE92900B67241 /* Frameworks */ = {
			isa = PBXFrameworksBuildPhase;
			buildActionMask = 2147483647;
			files = (
			);
			runOnlyForDeploymentPostprocessing = 0;
		};
		5A35C6D01C3FE92900B67241 /* Frameworks */ = {
			isa = PBXFrameworksBuildPhase;
			buildActionMask = 2147483647;
			files = (
			);
			runOnlyForDeploymentPostprocessing = 0;
		};
		5A35C6DB1C3FE92900B67241 /* Frameworks */ = {
			isa = PBXFrameworksBuildPhase;
			buildActionMask = 2147483647;
			files = (
			);
			runOnlyForDeploymentPostprocessing = 0;
		};
/* End PBXFrameworksBuildPhase section */

/* Begin PBXGroup section */
		5A35C6B11C3FE92900B67241 = {
			isa = PBXGroup;
			children = (
				5A35C6BC1C3FE92900B67241 /* Identification */,
				5A35C6D61C3FE92900B67241 /* IdentificationTests */,
				5A35C6E11C3FE92900B67241 /* IdentificationUITests */,
				5A35C6BB1C3FE92900B67241 /* Products */,
			);
			sourceTree = "<group>";
		};
		5A35C6BB1C3FE92900B67241 /* Products */ = {
			isa = PBXGroup;
			children = (
				5A35C6BA1C3FE92900B67241 /* Identification.app */,
				5A35C6D31C3FE92900B67241 /* IdentificationTests.xctest */,
				5A35C6DE1C3FE92900B67241 /* IdentificationUITests.xctest */,
			);
			name = Products;
			sourceTree = "<group>";
		};
		5A35C6BC1C3FE92900B67241 /* Identification */ = {
			isa = PBXGroup;
			children = (
				77030BC71C41009A00BE8C17 /* My */,
				5A35C6C01C3FE92900B67241 /* AppDelegate.h */,
				5A35C6C11C3FE92900B67241 /* AppDelegate.m */,
				5A35C6F01C3FE9EB00B67241 /* IdentificationTabBarController.h */,
				5A35C6F11C3FE9EB00B67241 /* IdentificationTabBarController.m */,
				5A35C6F31C3FEA0A00B67241 /* IdentificationNavigationController.h */,
				5A35C6F41C3FEA0A00B67241 /* IdentificationNavigationController.m */,
				5A35C7071C40068200B67241 /* Framework */,
				5A35C6F61C3FEE8200B67241 /* Home */,
				5A35C6F81C3FEEA300B67241 /* Identification */,
				5A35C6FF1C40009C00B67241 /* Train */,
				5A35C7001C4000D300B67241 /* Deal */,
				5A35C6C61C3FE92900B67241 /* Main.storyboard */,
				5A35C6C91C3FE92900B67241 /* Assets.xcassets */,
				77030BD41C410EB400BE8C17 /* icon_head.png */,
				5A35C6CB1C3FE92900B67241 /* LaunchScreen.storyboard */,
				5A35C6CE1C3FE92900B67241 /* Info.plist */,
				5A35C6BD1C3FE92900B67241 /* Supporting Files */,
			);
			path = Identification;
			sourceTree = "<group>";
		};
		5A35C6BD1C3FE92900B67241 /* Supporting Files */ = {
			isa = PBXGroup;
			children = (
				5A35C6BE1C3FE92900B67241 /* main.m */,
			);
			name = "Supporting Files";
			sourceTree = "<group>";
		};
		5A35C6D61C3FE92900B67241 /* IdentificationTests */ = {
			isa = PBXGroup;
			children = (
				5A35C6D71C3FE92900B67241 /* IdentificationTests.m */,
				5A35C6D91C3FE92900B67241 /* Info.plist */,
			);
			path = IdentificationTests;
			sourceTree = "<group>";
		};
		5A35C6E11C3FE92900B67241 /* IdentificationUITests */ = {
			isa = PBXGroup;
			children = (
				5A35C6E21C3FE92900B67241 /* IdentificationUITests.m */,
				5A35C6E41C3FE92900B67241 /* Info.plist */,
			);
			path = IdentificationUITests;
			sourceTree = "<group>";
		};
		5A35C6F61C3FEE8200B67241 /* Home */ = {
			isa = PBXGroup;
			children = (
				5A35C76F1C400E7B00B67241 /* Controller */,
				5A35C76E1C400E7500B67241 /* Model */,
				5A35C7701C400E9600B67241 /* View */,
			);
			name = Home;
			sourceTree = "<group>";
		};
		5A35C6F81C3FEEA300B67241 /* Identification */ = {
			isa = PBXGroup;
			children = (
				77030BD61C414D6200BE8C17 /* IdentificationHistory */,
				5A35C6FC1C3FF63200B67241 /* IdentificationRootViewController.h */,
				5A35C6FD1C3FF63200B67241 /* IdentificationRootViewController.m */,
			);
			name = Identification;
			sourceTree = "<group>";
		};
		5A35C6FF1C40009C00B67241 /* Train */ = {
			isa = PBXGroup;
			children = (
				5A35C7011C4000FF00B67241 /* TrainRootViewController.h */,
				5A35C7021C4000FF00B67241 /* TrainRootViewController.m */,
			);
			name = Train;
			sourceTree = "<group>";
		};
		5A35C7001C4000D300B67241 /* Deal */ = {
			isa = PBXGroup;
			children = (
				5A35C7041C40010D00B67241 /* DealRootViewController.h */,
				5A35C7051C40010D00B67241 /* DealRootViewController.m */,
			);
			name = Deal;
			sourceTree = "<group>";
		};
		5A35C7071C40068200B67241 /* Framework */ = {
			isa = PBXGroup;
			children = (
				5A35C7621C4006ED00B67241 /* Reachability.h */,
				5A35C7631C4006ED00B67241 /* Reachability.m */,
				5A35C7081C4006A400B67241 /* NSString+Height.h */,
				5A35C7091C4006A400B67241 /* NSString+Height.m */,
				5A35C7651C40072600B67241 /* UIView+Frame.h */,
				5A35C7661C40072600B67241 /* UIView+Frame.m */,
				5A35C70A1C4006A400B67241 /* PrefixHeader.pch */,
				5A35C70C1C4006C000B67241 /* SDWebImage */,
			);
			name = Framework;
			sourceTree = "<group>";
		};
		5A35C70C1C4006C000B67241 /* SDWebImage */ = {
			isa = PBXGroup;
			children = (
				5A35C70D1C4006C000B67241 /* AFNetworking */,
				5A35C7211C4006C000B67241 /* MKAnnotationView+WebCache.h */,
				5A35C7221C4006C000B67241 /* MKAnnotationView+WebCache.m */,
				5A35C7231C4006C000B67241 /* NSData+GIF.h */,
				5A35C7241C4006C000B67241 /* NSData+GIF.m */,
				5A35C7251C4006C000B67241 /* NSData+ImageContentType.h */,
				5A35C7261C4006C000B67241 /* NSData+ImageContentType.m */,
				5A35C7271C4006C000B67241 /* SDImageCache.h */,
				5A35C7281C4006C000B67241 /* SDImageCache.m */,
				5A35C7291C4006C000B67241 /* SDWebImageCompat.h */,
				5A35C72A1C4006C000B67241 /* SDWebImageCompat.m */,
				5A35C72B1C4006C000B67241 /* SDWebImageDecoder.h */,
				5A35C72C1C4006C000B67241 /* SDWebImageDecoder.m */,
				5A35C72D1C4006C000B67241 /* SDWebImageDownloader.h */,
				5A35C72E1C4006C000B67241 /* SDWebImageDownloader.m */,
				5A35C72F1C4006C000B67241 /* SDWebImageDownloaderOperation.h */,
				5A35C7301C4006C000B67241 /* SDWebImageDownloaderOperation.m */,
				5A35C7311C4006C000B67241 /* SDWebImageManager+MJ.h */,
				5A35C7321C4006C000B67241 /* SDWebImageManager+MJ.m */,
				5A35C7331C4006C000B67241 /* SDWebImageManager.h */,
				5A35C7341C4006C000B67241 /* SDWebImageManager.m */,
				5A35C7351C4006C000B67241 /* SDWebImageOperation.h */,
				5A35C7361C4006C000B67241 /* SDWebImagePrefetcher.h */,
				5A35C7371C4006C000B67241 /* SDWebImagePrefetcher.m */,
				5A35C7381C4006C000B67241 /* UIButton+WebCache.h */,
				5A35C7391C4006C000B67241 /* UIButton+WebCache.m */,
				5A35C73A1C4006C000B67241 /* UIImage+GIF.h */,
				5A35C73B1C4006C000B67241 /* UIImage+GIF.m */,
				5A35C73C1C4006C000B67241 /* UIImage+MultiFormat.h */,
				5A35C73D1C4006C000B67241 /* UIImage+MultiFormat.m */,
				5A35C73E1C4006C000B67241 /* UIImage+WebP.h */,
				5A35C73F1C4006C000B67241 /* UIImage+WebP.m */,
				5A35C7401C4006C000B67241 /* UIImageView+HighlightedWebCache.h */,
				5A35C7411C4006C000B67241 /* UIImageView+HighlightedWebCache.m */,
				5A35C7421C4006C000B67241 /* UIImageView+WebCache.h */,
				5A35C7431C4006C000B67241 /* UIImageView+WebCache.m */,
				5A35C7441C4006C000B67241 /* UIView+WebCacheOperation.h */,
				5A35C7451C4006C000B67241 /* UIView+WebCacheOperation.m */,
			);
			path = SDWebImage;
			sourceTree = "<group>";
		};
		5A35C70D1C4006C000B67241 /* AFNetworking */ = {
			isa = PBXGroup;
			children = (
				5A35C70E1C4006C000B67241 /* AFHTTPSessionManager.h */,
				5A35C70F1C4006C000B67241 /* AFHTTPSessionManager.m */,
				5A35C7101C4006C000B67241 /* AFNetworking.h */,
				5A35C7111C4006C000B67241 /* AFNetworkReachabilityManager.h */,
				5A35C7121C4006C000B67241 /* AFNetworkReachabilityManager.m */,
				5A35C7131C4006C000B67241 /* AFSecurityPolicy.h */,
				5A35C7141C4006C000B67241 /* AFSecurityPolicy.m */,
				5A35C7151C4006C000B67241 /* AFURLRequestSerialization.h */,
				5A35C7161C4006C000B67241 /* AFURLRequestSerialization.m */,
				5A35C7171C4006C000B67241 /* AFURLResponseSerialization.h */,
				5A35C7181C4006C000B67241 /* AFURLResponseSerialization.m */,
				5A35C7191C4006C000B67241 /* AFURLSessionManager.h */,
				5A35C71A1C4006C000B67241 /* AFURLSessionManager.m */,
			);
			path = AFNetworking;
			sourceTree = "<group>";
		};
		5A35C76E1C400E7500B67241 /* Model */ = {
			isa = PBXGroup;
			children = (
				5A35C7681C400E5600B67241 /* HomeBannerModel.h */,
				5A35C7691C400E5600B67241 /* HomeBannerModel.m */,
				5A35C76B1C400E6D00B67241 /* HomeCategoryModel.h */,
				5A35C76C1C400E6D00B67241 /* HomeCategoryModel.m */,
				5A35C7741C40BCB000B67241 /* HomeTrainModel.h */,
				5A35C7751C40BCB000B67241 /* HomeTrainModel.m */,
				5A35C7711C40B84900B67241 /* HomeProductModel.h */,
				5A35C7721C40B84900B67241 /* HomeProductModel.m */,
			);
			name = Model;
			sourceTree = "<group>";
		};
		5A35C76F1C400E7B00B67241 /* Controller */ = {
			isa = PBXGroup;
			children = (
				5A35C6F91C3FF54B00B67241 /* HomeRootViewController.h */,
				5A35C6FA1C3FF54B00B67241 /* HomeRootViewController.m */,
				5A94BB291C4294A400A1B217 /* HomeTaobaoViewController.h */,
				5A94BB2A1C4294A400A1B217 /* HomeTaobaoViewController.m */,
			);
			name = Controller;
			sourceTree = "<group>";
		};
		5A35C7701C400E9600B67241 /* View */ = {
			isa = PBXGroup;
			children = (
				5A35C7771C40D1FB00B67241 /* DIYButton.h */,
				5A35C7781C40D1FB00B67241 /* DIYButton.m */,
				5A35C77A1C40D23700B67241 /* HomeCategoryView.h */,
				5A35C77B1C40D23700B67241 /* HomeCategoryView.m */,
				5A35C77D1C40E9B200B67241 /* HomeTrainTableViewCell.h */,
				5A35C77E1C40E9B200B67241 /* HomeTrainTableViewCell.m */,
				5AC5DDCF1C420667003C1BDB /* HomeProductCollectionViewCell.h */,
				5AC5DDD01C420667003C1BDB /* HomeProductCollectionViewCell.m */,
			);
			name = View;
			sourceTree = "<group>";
		};
		77030BC71C41009A00BE8C17 /* My */ = {
			isa = PBXGroup;
			children = (
				77030BC81C41009A00BE8C17 /* Controller */,
				77030BC91C41009A00BE8C17 /* Model */,
				77030BCA1C41009A00BE8C17 /* View */,
			);
			path = My;
			sourceTree = "<group>";
		};
		77030BC81C41009A00BE8C17 /* Controller */ = {
			isa = PBXGroup;
			children = (
				77030BCE1C41087300BE8C17 /* authority authority AuthorityViewController.h */,
				77030BCF1C41087300BE8C17 /* authority authority AuthorityViewController.m */,
				77030BD01C41087300BE8C17 /* SettingViewController.h */,
				77030BD11C41087300BE8C17 /* SettingViewController.m */,
				77030BCB1C41085100BE8C17 /* MeViewController.h */,
				77030BCC1C41085100BE8C17 /* MeViewController.m */,
			);
			path = Controller;
			sourceTree = "<group>";
		};
		77030BC91C41009A00BE8C17 /* Model */ = {
			isa = PBXGroup;
			children = (
			);
			path = Model;
			sourceTree = "<group>";
		};
		77030BCA1C41009A00BE8C17 /* View */ = {
			isa = PBXGroup;
			children = (
			);
			path = View;
			sourceTree = "<group>";
		};
		77030BD61C414D6200BE8C17 /* IdentificationHistory */ = {
			isa = PBXGroup;
			children = (
				77030BD71C414D6200BE8C17 /* Controller */,
			);
			path = IdentificationHistory;
			sourceTree = "<group>";
		};
		77030BD71C414D6200BE8C17 /* Controller */ = {
			isa = PBXGroup;
			children = (
				77030BD81C4154B000BE8C17 /* ViewPagerController.h */,
				77030BD91C4154B000BE8C17 /* ViewPagerController.m */,
				77030BDB1C4154FA00BE8C17 /* ListViewController.h */,
				77030BDC1C4154FA00BE8C17 /* ListViewController.m */,
				77030BDE1C41551400BE8C17 /* ContentViewController.h */,
				77030BDF1C41551400BE8C17 /* ContentViewController.m */,
			);
			path = Controller;
			sourceTree = "<group>";
		};
/* End PBXGroup section */

/* Begin PBXNativeTarget section */
		5A35C6B91C3FE92900B67241 /* Identification */ = {
			isa = PBXNativeTarget;
			buildConfigurationList = 5A35C6E71C3FE92900B67241 /* Build configuration list for PBXNativeTarget "Identification" */;
			buildPhases = (
				5A35C6B61C3FE92900B67241 /* Sources */,
				5A35C6B71C3FE92900B67241 /* Frameworks */,
				5A35C6B81C3FE92900B67241 /* Resources */,
			);
			buildRules = (
			);
			dependencies = (
			);
			name = Identification;
			productName = Identification;
			productReference = 5A35C6BA1C3FE92900B67241 /* Identification.app */;
			productType = "com.apple.product-type.application";
		};
		5A35C6D21C3FE92900B67241 /* IdentificationTests */ = {
			isa = PBXNativeTarget;
			buildConfigurationList = 5A35C6EA1C3FE92900B67241 /* Build configuration list for PBXNativeTarget "IdentificationTests" */;
			buildPhases = (
				5A35C6CF1C3FE92900B67241 /* Sources */,
				5A35C6D01C3FE92900B67241 /* Frameworks */,
				5A35C6D11C3FE92900B67241 /* Resources */,
			);
			buildRules = (
			);
			dependencies = (
				5A35C6D51C3FE92900B67241 /* PBXTargetDependency */,
			);
			name = IdentificationTests;
			productName = IdentificationTests;
			productReference = 5A35C6D31C3FE92900B67241 /* IdentificationTests.xctest */;
			productType = "com.apple.product-type.bundle.unit-test";
		};
		5A35C6DD1C3FE92900B67241 /* IdentificationUITests */ = {
			isa = PBXNativeTarget;
			buildConfigurationList = 5A35C6ED1C3FE92900B67241 /* Build configuration list for PBXNativeTarget "IdentificationUITests" */;
			buildPhases = (
				5A35C6DA1C3FE92900B67241 /* Sources */,
				5A35C6DB1C3FE92900B67241 /* Frameworks */,
				5A35C6DC1C3FE92900B67241 /* Resources */,
			);
			buildRules = (
			);
			dependencies = (
				5A35C6E01C3FE92900B67241 /* PBXTargetDependency */,
			);
			name = IdentificationUITests;
			productName = IdentificationUITests;
			productReference = 5A35C6DE1C3FE92900B67241 /* IdentificationUITests.xctest */;
			productType = "com.apple.product-type.bundle.ui-testing";
		};
/* End PBXNativeTarget section */

/* Begin PBXProject section */
		5A35C6B21C3FE92900B67241 /* Project object */ = {
			isa = PBXProject;
			attributes = {
				LastUpgradeCheck = 0720;
				ORGANIZATIONNAME = com.IdentificationofCulturalRelics;
				TargetAttributes = {
					5A35C6B91C3FE92900B67241 = {
						CreatedOnToolsVersion = 7.2;
					};
					5A35C6D21C3FE92900B67241 = {
						CreatedOnToolsVersion = 7.2;
						TestTargetID = 5A35C6B91C3FE92900B67241;
					};
					5A35C6DD1C3FE92900B67241 = {
						CreatedOnToolsVersion = 7.2;
						TestTargetID = 5A35C6B91C3FE92900B67241;
					};
				};
			};
			buildConfigurationList = 5A35C6B51C3FE92900B67241 /* Build configuration list for PBXProject "Identification" */;
			compatibilityVersion = "Xcode 3.2";
			developmentRegion = English;
			hasScannedForEncodings = 0;
			knownRegions = (
				en,
				Base,
			);
			mainGroup = 5A35C6B11C3FE92900B67241;
			productRefGroup = 5A35C6BB1C3FE92900B67241 /* Products */;
			projectDirPath = "";
			projectRoot = "";
			targets = (
				5A35C6B91C3FE92900B67241 /* Identification */,
				5A35C6D21C3FE92900B67241 /* IdentificationTests */,
				5A35C6DD1C3FE92900B67241 /* IdentificationUITests */,
			);
		};
/* End PBXProject section */

/* Begin PBXResourcesBuildPhase section */
		5A35C6B81C3FE92900B67241 /* Resources */ = {
			isa = PBXResourcesBuildPhase;
			buildActionMask = 2147483647;
			files = (
				5A35C6CD1C3FE92900B67241 /* LaunchScreen.storyboard in Resources */,
				5A35C6CA1C3FE92900B67241 /* Assets.xcassets in Resources */,
				77030BD51C410EB400BE8C17 /* icon_head.png in Resources */,
				5A35C6C81C3FE92900B67241 /* Main.storyboard in Resources */,
			);
			runOnlyForDeploymentPostprocessing = 0;
		};
		5A35C6D11C3FE92900B67241 /* Resources */ = {
			isa = PBXResourcesBuildPhase;
			buildActionMask = 2147483647;
			files = (
			);
			runOnlyForDeploymentPostprocessing = 0;
		};
		5A35C6DC1C3FE92900B67241 /* Resources */ = {
			isa = PBXResourcesBuildPhase;
			buildActionMask = 2147483647;
			files = (
			);
			runOnlyForDeploymentPostprocessing = 0;
		};
/* End PBXResourcesBuildPhase section */

/* Begin PBXSourcesBuildPhase section */
		5A35C6B61C3FE92900B67241 /* Sources */ = {
			isa = PBXSourcesBuildPhase;
			buildActionMask = 2147483647;
			files = (
				5A35C7611C4006C000B67241 /* UIView+WebCacheOperation.m in Sources */,
				5A35C77C1C40D23700B67241 /* HomeCategoryView.m in Sources */,
				5A35C7561C4006C000B67241 /* SDWebImageDownloader.m in Sources */,
				5A35C74B1C4006C000B67241 /* AFURLSessionManager.m in Sources */,
				5A35C7671C40072600B67241 /* UIView+Frame.m in Sources */,
				5A35C7761C40BCB000B67241 /* HomeTrainModel.m in Sources */,
				5A35C7731C40B84900B67241 /* HomeProductModel.m in Sources */,
				5A35C75F1C4006C000B67241 /* UIImageView+HighlightedWebCache.m in Sources */,
				5A35C6F21C3FE9EB00B67241 /* IdentificationTabBarController.m in Sources */,
				5A35C6F51C3FEA0A00B67241 /* IdentificationNavigationController.m in Sources */,
				5A35C6FB1C3FF54B00B67241 /* HomeRootViewController.m in Sources */,
				5AC5DDD11C420667003C1BDB /* HomeProductCollectionViewCell.m in Sources */,
				5A35C7591C4006C000B67241 /* SDWebImageManager.m in Sources */,
				5A35C6C21C3FE92900B67241 /* AppDelegate.m in Sources */,
				5A35C7481C4006C000B67241 /* AFSecurityPolicy.m in Sources */,
				77030BD31C41087300BE8C17 /* SettingViewController.m in Sources */,
				5A35C7581C4006C000B67241 /* SDWebImageManager+MJ.m in Sources */,
				77030BDA1C4154B000BE8C17 /* ViewPagerController.m in Sources */,
				5A35C76A1C400E5600B67241 /* HomeBannerModel.m in Sources */,
				5A35C75A1C4006C000B67241 /* SDWebImagePrefetcher.m in Sources */,
				5A35C7601C4006C000B67241 /* UIImageView+WebCache.m in Sources */,
				5A94BB2B1C4294A400A1B217 /* HomeTaobaoViewController.m in Sources */,
				5A35C7061C40010D00B67241 /* DealRootViewController.m in Sources */,
				5A35C7491C4006C000B67241 /* AFURLRequestSerialization.m in Sources */,
				5A35C70B1C4006A400B67241 /* NSString+Height.m in Sources */,
				5A35C7641C4006ED00B67241 /* Reachability.m in Sources */,
				77030BD21C41087300BE8C17 /* authority authority AuthorityViewController.m in Sources */,
				5A35C75C1C4006C000B67241 /* UIImage+GIF.m in Sources */,
				5A35C75E1C4006C000B67241 /* UIImage+WebP.m in Sources */,
				5A35C7031C4000FF00B67241 /* TrainRootViewController.m in Sources */,
				5A35C7461C4006C000B67241 /* AFHTTPSessionManager.m in Sources */,
				5A35C6FE1C3FF63200B67241 /* IdentificationRootViewController.m in Sources */,
				77030BDD1C4154FA00BE8C17 /* ListViewController.m in Sources */,
				5A35C7471C4006C000B67241 /* AFNetworkReachabilityManager.m in Sources */,
				5A35C7521C4006C000B67241 /* NSData+ImageContentType.m in Sources */,
				5A35C77F1C40E9B200B67241 /* HomeTrainTableViewCell.m in Sources */,
				5A35C7511C4006C000B67241 /* NSData+GIF.m in Sources */,
				5A35C7551C4006C000B67241 /* SDWebImageDecoder.m in Sources */,
				5A35C75D1C4006C000B67241 /* UIImage+MultiFormat.m in Sources */,
				5A35C76D1C400E6D00B67241 /* HomeCategoryModel.m in Sources */,
				5A35C7791C40D1FB00B67241 /* DIYButton.m in Sources */,
				77030BCD1C41085100BE8C17 /* MeViewController.m in Sources */,
				5A35C75B1C4006C000B67241 /* UIButton+WebCache.m in Sources */,
				5A35C7571C4006C000B67241 /* SDWebImageDownloaderOperation.m in Sources */,
				5A35C7501C4006C000B67241 /* MKAnnotationView+WebCache.m in Sources */,
				5A35C74A1C4006C000B67241 /* AFURLResponseSerialization.m in Sources */,
				77030BE01C41551400BE8C17 /* ContentViewController.m in Sources */,
				5A35C6BF1C3FE92900B67241 /* main.m in Sources */,
				5A35C7541C4006C000B67241 /* SDWebImageCompat.m in Sources */,
				5A35C7531C4006C000B67241 /* SDImageCache.m in Sources */,
			);
			runOnlyForDeploymentPostprocessing = 0;
		};
		5A35C6CF1C3FE92900B67241 /* Sources */ = {
			isa = PBXSourcesBuildPhase;
			buildActionMask = 2147483647;
			files = (
				5A35C6D81C3FE92900B67241 /* IdentificationTests.m in Sources */,
			);
			runOnlyForDeploymentPostprocessing = 0;
		};
		5A35C6DA1C3FE92900B67241 /* Sources */ = {
			isa = PBXSourcesBuildPhase;
			buildActionMask = 2147483647;
			files = (
				5A35C6E31C3FE92900B67241 /* IdentificationUITests.m in Sources */,
			);
			runOnlyForDeploymentPostprocessing = 0;
		};
/* End PBXSourcesBuildPhase section */

/* Begin PBXTargetDependency section */
		5A35C6D51C3FE92900B67241 /* PBXTargetDependency */ = {
			isa = PBXTargetDependency;
			target = 5A35C6B91C3FE92900B67241 /* Identification */;
			targetProxy = 5A35C6D41C3FE92900B67241 /* PBXContainerItemProxy */;
		};
		5A35C6E01C3FE92900B67241 /* PBXTargetDependency */ = {
			isa = PBXTargetDependency;
			target = 5A35C6B91C3FE92900B67241 /* Identification */;
			targetProxy = 5A35C6DF1C3FE92900B67241 /* PBXContainerItemProxy */;
		};
/* End PBXTargetDependency section */

/* Begin PBXVariantGroup section */
		5A35C6C61C3FE92900B67241 /* Main.storyboard */ = {
			isa = PBXVariantGroup;
			children = (
				5A35C6C71C3FE92900B67241 /* Base */,
			);
			name = Main.storyboard;
			sourceTree = "<group>";
		};
		5A35C6CB1C3FE92900B67241 /* LaunchScreen.storyboard */ = {
			isa = PBXVariantGroup;
			children = (
				5A35C6CC1C3FE92900B67241 /* Base */,
			);
			name = LaunchScreen.storyboard;
			sourceTree = "<group>";
		};
/* End PBXVariantGroup section */

/* Begin XCBuildConfiguration section */
		5A35C6E51C3FE92900B67241 /* Debug */ = {
			isa = XCBuildConfiguration;
			buildSettings = {
				ALWAYS_SEARCH_USER_PATHS = NO;
				CLANG_CXX_LANGUAGE_STANDARD = "gnu++0x";
				CLANG_CXX_LIBRARY = "libc++";
				CLANG_ENABLE_MODULES = YES;
				CLANG_ENABLE_OBJC_ARC = YES;
				CLANG_WARN_BOOL_CONVERSION = YES;
				CLANG_WARN_CONSTANT_CONVERSION = YES;
				CLANG_WARN_DIRECT_OBJC_ISA_USAGE = YES_ERROR;
				CLANG_WARN_EMPTY_BODY = YES;
				CLANG_WARN_ENUM_CONVERSION = YES;
				CLANG_WARN_INT_CONVERSION = YES;
				CLANG_WARN_OBJC_ROOT_CLASS = YES_ERROR;
				CLANG_WARN_UNREACHABLE_CODE = YES;
				CLANG_WARN__DUPLICATE_METHOD_MATCH = YES;
				"CODE_SIGN_IDENTITY[sdk=iphoneos*]" = "iPhone Developer";
				COPY_PHASE_STRIP = NO;
				DEBUG_INFORMATION_FORMAT = dwarf;
				ENABLE_STRICT_OBJC_MSGSEND = YES;
				ENABLE_TESTABILITY = YES;
				GCC_C_LANGUAGE_STANDARD = gnu99;
				GCC_DYNAMIC_NO_PIC = NO;
				GCC_NO_COMMON_BLOCKS = YES;
				GCC_OPTIMIZATION_LEVEL = 0;
				GCC_PREPROCESSOR_DEFINITIONS = (
					"DEBUG=1",
					"$(inherited)",
				);
				GCC_WARN_64_TO_32_BIT_CONVERSION = YES;
				GCC_WARN_ABOUT_RETURN_TYPE = YES_ERROR;
				GCC_WARN_UNDECLARED_SELECTOR = YES;
				GCC_WARN_UNINITIALIZED_AUTOS = YES_AGGRESSIVE;
				GCC_WARN_UNUSED_FUNCTION = YES;
				GCC_WARN_UNUSED_VARIABLE = YES;
				IPHONEOS_DEPLOYMENT_TARGET = 9.2;
				MTL_ENABLE_DEBUG_INFO = YES;
				ONLY_ACTIVE_ARCH = YES;
				SDKROOT = iphoneos;
			};
			name = Debug;
		};
		5A35C6E61C3FE92900B67241 /* Release */ = {
			isa = XCBuildConfiguration;
			buildSettings = {
				ALWAYS_SEARCH_USER_PATHS = NO;
				CLANG_CXX_LANGUAGE_STANDARD = "gnu++0x";
				CLANG_CXX_LIBRARY = "libc++";
				CLANG_ENABLE_MODULES = YES;
				CLANG_ENABLE_OBJC_ARC = YES;
				CLANG_WARN_BOOL_CONVERSION = YES;
				CLANG_WARN_CONSTANT_CONVERSION = YES;
				CLANG_WARN_DIRECT_OBJC_ISA_USAGE = YES_ERROR;
				CLANG_WARN_EMPTY_BODY = YES;
				CLANG_WARN_ENUM_CONVERSION = YES;
				CLANG_WARN_INT_CONVERSION = YES;
				CLANG_WARN_OBJC_ROOT_CLASS = YES_ERROR;
				CLANG_WARN_UNREACHABLE_CODE = YES;
				CLANG_WARN__DUPLICATE_METHOD_MATCH = YES;
				"CODE_SIGN_IDENTITY[sdk=iphoneos*]" = "iPhone Developer";
				COPY_PHASE_STRIP = NO;
				DEBUG_INFORMATION_FORMAT = "dwarf-with-dsym";
				ENABLE_NS_ASSERTIONS = NO;
				ENABLE_STRICT_OBJC_MSGSEND = YES;
				GCC_C_LANGUAGE_STANDARD = gnu99;
				GCC_NO_COMMON_BLOCKS = YES;
				GCC_WARN_64_TO_32_BIT_CONVERSION = YES;
				GCC_WARN_ABOUT_RETURN_TYPE = YES_ERROR;
				GCC_WARN_UNDECLARED_SELECTOR = YES;
				GCC_WARN_UNINITIALIZED_AUTOS = YES_AGGRESSIVE;
				GCC_WARN_UNUSED_FUNCTION = YES;
				GCC_WARN_UNUSED_VARIABLE = YES;
				IPHONEOS_DEPLOYMENT_TARGET = 9.2;
				MTL_ENABLE_DEBUG_INFO = NO;
				SDKROOT = iphoneos;
				VALIDATE_PRODUCT = YES;
			};
			name = Release;
		};
		5A35C6E81C3FE92900B67241 /* Debug */ = {
			isa = XCBuildConfiguration;
			buildSettings = {
				ASSETCATALOG_COMPILER_APPICON_NAME = AppIcon;
				GCC_PREFIX_HEADER = "$(SRCROOT)/Identification/PrefixHeader.pch";
				INFOPLIST_FILE = Identification/Info.plist;
				IPHONEOS_DEPLOYMENT_TARGET = 8.1;
				LD_RUNPATH_SEARCH_PATHS = "$(inherited) @executable_path/Frameworks";
				PRODUCT_BUNDLE_IDENTIFIER = com.IdentificationofCulturalRelics.pwy722.Identification;
				PRODUCT_NAME = "$(TARGET_NAME)";
			};
			name = Debug;
		};
		5A35C6E91C3FE92900B67241 /* Release */ = {
			isa = XCBuildConfiguration;
			buildSettings = {
				ASSETCATALOG_COMPILER_APPICON_NAME = AppIcon;
				GCC_PREFIX_HEADER = "$(SRCROOT)/Identification/PrefixHeader.pch";
				INFOPLIST_FILE = Identification/Info.plist;
				IPHONEOS_DEPLOYMENT_TARGET = 8.1;
				LD_RUNPATH_SEARCH_PATHS = "$(inherited) @executable_path/Frameworks";
				PRODUCT_BUNDLE_IDENTIFIER = com.IdentificationofCulturalRelics.pwy722.Identification;
				PRODUCT_NAME = "$(TARGET_NAME)";
			};
			name = Release;
		};
		5A35C6EB1C3FE92900B67241 /* Debug */ = {
			isa = XCBuildConfiguration;
			buildSettings = {
				BUNDLE_LOADER = "$(TEST_HOST)";
				INFOPLIST_FILE = IdentificationTests/Info.plist;
				LD_RUNPATH_SEARCH_PATHS = "$(inherited) @executable_path/Frameworks @loader_path/Frameworks";
				PRODUCT_BUNDLE_IDENTIFIER = com.IdentificationofCulturalRelics.pwy722.IdentificationTests;
				PRODUCT_NAME = "$(TARGET_NAME)";
				TEST_HOST = "$(BUILT_PRODUCTS_DIR)/Identification.app/Identification";
			};
			name = Debug;
		};
		5A35C6EC1C3FE92900B67241 /* Release */ = {
			isa = XCBuildConfiguration;
			buildSettings = {
				BUNDLE_LOADER = "$(TEST_HOST)";
				INFOPLIST_FILE = IdentificationTests/Info.plist;
				LD_RUNPATH_SEARCH_PATHS = "$(inherited) @executable_path/Frameworks @loader_path/Frameworks";
				PRODUCT_BUNDLE_IDENTIFIER = com.IdentificationofCulturalRelics.pwy722.IdentificationTests;
				PRODUCT_NAME = "$(TARGET_NAME)";
				TEST_HOST = "$(BUILT_PRODUCTS_DIR)/Identification.app/Identification";
			};
			name = Release;
		};
		5A35C6EE1C3FE92900B67241 /* Debug */ = {
			isa = XCBuildConfiguration;
			buildSettings = {
				INFOPLIST_FILE = IdentificationUITests/Info.plist;
				LD_RUNPATH_SEARCH_PATHS = "$(inherited) @executable_path/Frameworks @loader_path/Frameworks";
				PRODUCT_BUNDLE_IDENTIFIER = com.IdentificationofCulturalRelics.pwy722.IdentificationUITests;
				PRODUCT_NAME = "$(TARGET_NAME)";
				TEST_TARGET_NAME = Identification;
				USES_XCTRUNNER = YES;
			};
			name = Debug;
		};
		5A35C6EF1C3FE92900B67241 /* Release */ = {
			isa = XCBuildConfiguration;
			buildSettings = {
				INFOPLIST_FILE = IdentificationUITests/Info.plist;
				LD_RUNPATH_SEARCH_PATHS = "$(inherited) @executable_path/Frameworks @loader_path/Frameworks";
				PRODUCT_BUNDLE_IDENTIFIER = com.IdentificationofCulturalRelics.pwy722.IdentificationUITests;
				PRODUCT_NAME = "$(TARGET_NAME)";
				TEST_TARGET_NAME = Identification;
				USES_XCTRUNNER = YES;
			};
			name = Release;
		};
/* End XCBuildConfiguration section */

/* Begin XCConfigurationList section */
		5A35C6B51C3FE92900B67241 /* Build configuration list for PBXProject "Identification" */ = {
			isa = XCConfigurationList;
			buildConfigurations = (
				5A35C6E51C3FE92900B67241 /* Debug */,
				5A35C6E61C3FE92900B67241 /* Release */,
			);
			defaultConfigurationIsVisible = 0;
			defaultConfigurationName = Release;
		};
		5A35C6E71C3FE92900B67241 /* Build configuration list for PBXNativeTarget "Identification" */ = {
			isa = XCConfigurationList;
			buildConfigurations = (
				5A35C6E81C3FE92900B67241 /* Debug */,
				5A35C6E91C3FE92900B67241 /* Release */,
			);
			defaultConfigurationIsVisible = 0;
			defaultConfigurationName = Release;
		};
		5A35C6EA1C3FE92900B67241 /* Build configuration list for PBXNativeTarget "IdentificationTests" */ = {
			isa = XCConfigurationList;
			buildConfigurations = (
				5A35C6EB1C3FE92900B67241 /* Debug */,
				5A35C6EC1C3FE92900B67241 /* Release */,
			);
			defaultConfigurationIsVisible = 0;
			defaultConfigurationName = Release;
		};
		5A35C6ED1C3FE92900B67241 /* Build configuration list for PBXNativeTarget "IdentificationUITests" */ = {
			isa = XCConfigurationList;
			buildConfigurations = (
				5A35C6EE1C3FE92900B67241 /* Debug */,
				5A35C6EF1C3FE92900B67241 /* Release */,
			);
			defaultConfigurationIsVisible = 0;
			defaultConfigurationName = Release;
		};
/* End XCConfigurationList section */
	};
	rootObject = 5A35C6B21C3FE92900B67241 /* Project object */;
}
